
Microsoft Visual Studio Solution File, Format Version 12.00
# Visual Studio Version 16
VisualStudioVersion = 16.0.31624.102
MinimumVisualStudioVersion = 10.0.40219.1
Project("{9A19103F-16F7-4668-BE54-9A1E7A4F7556}") = "SuperExampleGame.Domain", "SuperExampleGame.Domain\SuperExampleGame.Domain.csproj", "{0394B253-AFF6-4451-BC30-AC8ACE055BE2}"
EndProject
Project("{FAE04EC0-301F-11D3-BF4B-00C04F79EFBC}") = "SuperExampleGameTest", "SuperExampleGameTest\SuperExampleGameTest.csproj", "{DEDDE3C6-65CB-46FB-B407-4B7FCC28A54C}"
EndProject
Project("{FAE04EC0-301F-11D3-BF4B-00C04F79EFBC}") = "SuperExampleGame.Application", "SuperExampleGame.Application\SuperExampleGame.Application.csproj", "{F45EB7D1-1A41-472C-B316-431F4E853D54}"
EndProject
Project("{FAE04EC0-301F-11D3-BF4B-00C04F79EFBC}") = "SuperExampleGame.Infraestructure.API", "SuperExampleGame.Infraestructure.API\SuperExampleGame.Infraestructure.API.csproj", "{8B18AD1C-9C8E-429E-BCE4-11C27AD8FA85}"
EndProject
Project("{FAE04EC0-301F-11D3-BF4B-00C04F79EFBC}") = "SuperExampleGame.Infraestructure.Data", "SuperExampleGame.Infraestructure.Data\SuperExampleGame.Infraestructure.Data.csproj", "{71F18D4A-4FFA-4863-8864-CEC6A1932677}"
EndProject
Global
	GlobalSection(SolutionConfigurationPlatforms) = preSolution
		Debug|Any CPU = Debug|Any CPU
		Release|Any CPU = Release|Any CPU
	EndGlobalSection
	GlobalSection(ProjectConfigurationPlatforms) = postSolution
		{0394B253-AFF6-4451-BC30-AC8ACE055BE2}.Debug|Any CPU.ActiveCfg = Debug|Any CPU
		{0394B253-AFF6-4451-BC30-AC8ACE055BE2}.Debug|Any CPU.Build.0 = Debug|Any CPU
		{0394B253-AFF6-4451-BC30-AC8ACE055BE2}.Release|Any CPU.ActiveCfg = Release|Any CPU
		{0394B253-AFF6-4451-BC30-AC8ACE055BE2}.Release|Any CPU.Build.0 = Release|Any CPU
		{DEDDE3C6-65CB-46FB-B407-4B7FCC28A54C}.Debug|Any CPU.ActiveCfg = Debug|Any CPU
		{DEDDE3C6-65CB-46FB-B407-4B7FCC28A54C}.Debug|Any CPU.Build.0 = Debug|Any CPU
		{DEDDE3C6-65CB-46FB-B407-4B7FCC28A54C}.Release|Any CPU.ActiveCfg = Release|Any CPU
		{DEDDE3C6-65CB-46FB-B407-4B7FCC28A54C}.Release|Any CPU.Build.0 = Release|Any CPU
		{F45EB7D1-1A41-472C-B316-431F4E853D54}.Debug|Any CPU.ActiveCfg = Debug|Any CPU
		{F45EB7D1-1A41-472C-B316-431F4E853D54}.Debug|Any CPU.Build.0 = Debug|Any CPU
		{F45EB7D1-1A41-472C-B316-431F4E853D54}.Release|Any CPU.ActiveCfg = Release|Any CPU
		{F45EB7D1-1A41-472C-B316-431F4E853D54}.Release|Any CPU.Build.0 = Release|Any CPU
		{8B18AD1C-9C8E-429E-BCE4-11C27AD8FA85}.Debug|Any CPU.ActiveCfg = Debug|Any CPU
		{8B18AD1C-9C8E-429E-BCE4-11C27AD8FA85}.Debug|Any CPU.Build.0 = Debug|Any CPU
		{8B18AD1C-9C8E-429E-BCE4-11C27AD8FA85}.Release|Any CPU.ActiveCfg = Release|Any CPU
		{8B18AD1C-9C8E-429E-BCE4-11C27AD8FA85}.Release|Any CPU.Build.0 = Release|Any CPU
		{71F18D4A-4FFA-4863-8864-CEC6A1932677}.Debug|Any CPU.ActiveCfg = Debug|Any CPU
		{71F18D4A-4FFA-4863-8864-CEC6A1932677}.Debug|Any CPU.Build.0 = Debug|Any CPU
		{71F18D4A-4FFA-4863-8864-CEC6A1932677}.Release|Any CPU.ActiveCfg = Release|Any CPU
		{71F18D4A-4FFA-4863-8864-CEC6A1932677}.Release|Any CPU.Build.0 = Release|Any CPU
	EndGlobalSection
	GlobalSection(SolutionProperties) = preSolution
		HideSolutionNode = FALSE
	EndGlobalSection
	GlobalSection(ExtensibilityGlobals) = postSolution
		SolutionGuid = {17572DAC-856A-4826-A3DD-A09F4A1B0715}
	EndGlobalSection
EndGlobal
